
Microsoft Visual Studio Solution File, Format Version 12.00
# Visual Studio Version 16
VisualStudioVersion = 16.0.31605.320
MinimumVisualStudioVersion = 10.0.40219.1
Project("{9A19103F-16F7-4668-BE54-9A1E7A4F7556}") = "pizza.Data", "pizza.Data\pizza.Data.csproj", "{E20D635B-0542-4F26-8B9F-4F6177F49F5F}"
EndProject
Project("{2150E333-8FDC-42A3-9474-1A3956D46DE8}") = "Solution Items", "Solution Items", "{9E37F83D-72DE-4E83-BEDD-617D359B1B2D}"
EndProject
Project("{FAE04EC0-301F-11D3-BF4B-00C04F79EFBC}") = "pizza.Web", "pizza.Web\pizza.Web.csproj", "{CCF1DD51-593A-4DEA-8C51-58677B672CAA}"
EndProject
Project("{E53339B2-1760-4266-BCC7-CA923CBCF16C}") = "docker-compose", "docker-compose.dcproj", "{C3EEA57E-A71B-4E61-B556-1AC57F238807}"
EndProject
Global
	GlobalSection(SolutionConfigurationPlatforms) = preSolution
		Debug|Any CPU = Debug|Any CPU
		Release|Any CPU = Release|Any CPU
	EndGlobalSection
	GlobalSection(ProjectConfigurationPlatforms) = postSolution
		{E20D635B-0542-4F26-8B9F-4F6177F49F5F}.Debug|Any CPU.ActiveCfg = Debug|Any CPU
		{E20D635B-0542-4F26-8B9F-4F6177F49F5F}.Debug|Any CPU.Build.0 = Debug|Any CPU
		{E20D635B-0542-4F26-8B9F-4F6177F49F5F}.Release|Any CPU.ActiveCfg = Release|Any CPU
		{E20D635B-0542-4F26-8B9F-4F6177F49F5F}.Release|Any CPU.Build.0 = Release|Any CPU
		{CCF1DD51-593A-4DEA-8C51-58677B672CAA}.Debug|Any CPU.ActiveCfg = Debug|Any CPU
		{CCF1DD51-593A-4DEA-8C51-58677B672CAA}.Debug|Any CPU.Build.0 = Debug|Any CPU
		{CCF1DD51-593A-4DEA-8C51-58677B672CAA}.Release|Any CPU.ActiveCfg = Release|Any CPU
		{CCF1DD51-593A-4DEA-8C51-58677B672CAA}.Release|Any CPU.Build.0 = Release|Any CPU
		{C3EEA57E-A71B-4E61-B556-1AC57F238807}.Debug|Any CPU.ActiveCfg = Debug|Any CPU
		{C3EEA57E-A71B-4E61-B556-1AC57F238807}.Debug|Any CPU.Build.0 = Debug|Any CPU
		{C3EEA57E-A71B-4E61-B556-1AC57F238807}.Release|Any CPU.ActiveCfg = Release|Any CPU
		{C3EEA57E-A71B-4E61-B556-1AC57F238807}.Release|Any CPU.Build.0 = Release|Any CPU
	EndGlobalSection
	GlobalSection(SolutionProperties) = preSolution
		HideSolutionNode = FALSE
	EndGlobalSection
	GlobalSection(ExtensibilityGlobals) = postSolution
		SolutionGuid = {A8C8D53E-9918-4FBF-A2B2-631511BAC6DC}
	EndGlobalSection
EndGlobal
